
Microsoft Visual Studio Solution File, Format Version 12.00
# Visual Studio Version 17
VisualStudioVersion = 17.13.35919.96 d17.13
MinimumVisualStudioVersion = 10.0.40219.1
Project("{FAE04EC0-301F-11D3-BF4B-00C04F79EFBC}") = "ConsoleApp1", "ConsoleApp1\ConsoleApp1.csproj", "{A97EE363-8F06-4AC2-AAD6-231748EEF8EF}"
EndProject
Project("{FAE04EC0-301F-11D3-BF4B-00C04F79EFBC}") = "BaiThucHanhSo5", "BaiThucHanhSo5\BaiThucHanhSo5.csproj", "{B8C731B3-1B93-4575-9671-1B52FEE6E1DC}"
EndProject
Global
	GlobalSection(SolutionConfigurationPlatforms) = preSolution
		Debug|Any CPU = Debug|Any CPU
		Release|Any CPU = Release|Any CPU
	EndGlobalSection
	GlobalSection(ProjectConfigurationPlatforms) = postSolution
		{A97EE363-8F06-4AC2-AAD6-231748EEF8EF}.Debug|Any CPU.ActiveCfg = Debug|Any CPU
		{A97EE363-8F06-4AC2-AAD6-231748EEF8EF}.Debug|Any CPU.Build.0 = Debug|Any CPU
		{A97EE363-8F06-4AC2-AAD6-231748EEF8EF}.Release|Any CPU.ActiveCfg = Release|Any CPU
		{A97EE363-8F06-4AC2-AAD6-231748EEF8EF}.Release|Any CPU.Build.0 = Release|Any CPU
		{B8C731B3-1B93-4575-9671-1B52FEE6E1DC}.Debug|Any CPU.ActiveCfg = Debug|Any CPU
		{B8C731B3-1B93-4575-9671-1B52FEE6E1DC}.Debug|Any CPU.Build.0 = Debug|Any CPU
		{B8C731B3-1B93-4575-9671-1B52FEE6E1DC}.Release|Any CPU.ActiveCfg = Release|Any CPU
		{B8C731B3-1B93-4575-9671-1B52FEE6E1DC}.Release|Any CPU.Build.0 = Release|Any CPU
	EndGlobalSection
	GlobalSection(SolutionProperties) = preSolution
		HideSolutionNode = FALSE
	EndGlobalSection
	GlobalSection(ExtensibilityGlobals) = postSolution
		SolutionGuid = {3FE3D537-6C68-4AAF-97FB-724DAF9080EA}
	EndGlobalSection
EndGlobal
